
Microsoft Visual Studio Solution File, Format Version 12.00
# Visual Studio Version 17
VisualStudioVersion = 17.3.32929.385
MinimumVisualStudioVersion = 10.0.40219.1
Project("{9A19103F-16F7-4668-BE54-9A1E7A4F7556}") = "SimpleMusicStreaming", "SimpleMusicStreaming\SimpleMusicStreaming.csproj", "{40E586A2-5BC8-4086-8F31-0B84BD19B257}"
EndProject
Project("{2150E333-8FDC-42A3-9474-1A3956D46DE8}") = "src", "src", "{130CC89D-E4D6-42F4-BB15-2C55E1A377B4}"
EndProject
Project("{2150E333-8FDC-42A3-9474-1A3956D46DE8}") = "Core", "Core", "{999AD750-C065-4BC9-9E39-C1ACA3638B44}"
EndProject
Project("{2150E333-8FDC-42A3-9474-1A3956D46DE8}") = "Hosting", "Hosting", "{A2408728-D53E-47A4-8037-BD3BB4CEDAB0}"
EndProject
Project("{2150E333-8FDC-42A3-9474-1A3956D46DE8}") = "Infrastructure", "Infrastructure", "{48816CBC-B066-466D-8961-C22D23F293F1}"
EndProject
Project("{9A19103F-16F7-4668-BE54-9A1E7A4F7556}") = "CoreLib", "CoreLib\CoreLib.csproj", "{F0E5F5E4-DE07-4886-85D3-5B515E9108E0}"
EndProject
Project("{9A19103F-16F7-4668-BE54-9A1E7A4F7556}") = "CommonLib", "CommonLib\CommonLib.csproj", "{3E8E8EFF-316F-4EC3-A7F2-B78E3CD4C9B3}"
EndProject
Project("{9A19103F-16F7-4668-BE54-9A1E7A4F7556}") = "DataServiceLib", "DataService\DataServiceLib.csproj", "{240C8A53-5F84-4D61-A04A-05D229D87B7D}"
EndProject
Project("{FAE04EC0-301F-11D3-BF4B-00C04F79EFBC}") = "MusicAPI", "MusicAPI\MusicAPI.csproj", "{FE342EEC-65F8-4EDE-97B5-ACC92DDE8385}"
EndProject
Global
	GlobalSection(SolutionConfigurationPlatforms) = preSolution
		Debug|Any CPU = Debug|Any CPU
		Release|Any CPU = Release|Any CPU
	EndGlobalSection
	GlobalSection(ProjectConfigurationPlatforms) = postSolution
		{40E586A2-5BC8-4086-8F31-0B84BD19B257}.Debug|Any CPU.ActiveCfg = Debug|Any CPU
		{40E586A2-5BC8-4086-8F31-0B84BD19B257}.Debug|Any CPU.Build.0 = Debug|Any CPU
		{40E586A2-5BC8-4086-8F31-0B84BD19B257}.Release|Any CPU.ActiveCfg = Release|Any CPU
		{40E586A2-5BC8-4086-8F31-0B84BD19B257}.Release|Any CPU.Build.0 = Release|Any CPU
		{F0E5F5E4-DE07-4886-85D3-5B515E9108E0}.Debug|Any CPU.ActiveCfg = Debug|Any CPU
		{F0E5F5E4-DE07-4886-85D3-5B515E9108E0}.Debug|Any CPU.Build.0 = Debug|Any CPU
		{F0E5F5E4-DE07-4886-85D3-5B515E9108E0}.Release|Any CPU.ActiveCfg = Release|Any CPU
		{F0E5F5E4-DE07-4886-85D3-5B515E9108E0}.Release|Any CPU.Build.0 = Release|Any CPU
		{3E8E8EFF-316F-4EC3-A7F2-B78E3CD4C9B3}.Debug|Any CPU.ActiveCfg = Debug|Any CPU
		{3E8E8EFF-316F-4EC3-A7F2-B78E3CD4C9B3}.Debug|Any CPU.Build.0 = Debug|Any CPU
		{3E8E8EFF-316F-4EC3-A7F2-B78E3CD4C9B3}.Release|Any CPU.ActiveCfg = Release|Any CPU
		{3E8E8EFF-316F-4EC3-A7F2-B78E3CD4C9B3}.Release|Any CPU.Build.0 = Release|Any CPU
		{240C8A53-5F84-4D61-A04A-05D229D87B7D}.Debug|Any CPU.ActiveCfg = Debug|Any CPU
		{240C8A53-5F84-4D61-A04A-05D229D87B7D}.Debug|Any CPU.Build.0 = Debug|Any CPU
		{240C8A53-5F84-4D61-A04A-05D229D87B7D}.Release|Any CPU.ActiveCfg = Release|Any CPU
		{240C8A53-5F84-4D61-A04A-05D229D87B7D}.Release|Any CPU.Build.0 = Release|Any CPU
		{FE342EEC-65F8-4EDE-97B5-ACC92DDE8385}.Debug|Any CPU.ActiveCfg = Debug|Any CPU
		{FE342EEC-65F8-4EDE-97B5-ACC92DDE8385}.Debug|Any CPU.Build.0 = Debug|Any CPU
		{FE342EEC-65F8-4EDE-97B5-ACC92DDE8385}.Release|Any CPU.ActiveCfg = Release|Any CPU
		{FE342EEC-65F8-4EDE-97B5-ACC92DDE8385}.Release|Any CPU.Build.0 = Release|Any CPU
	EndGlobalSection
	GlobalSection(SolutionProperties) = preSolution
		HideSolutionNode = FALSE
	EndGlobalSection
	GlobalSection(NestedProjects) = preSolution
		{40E586A2-5BC8-4086-8F31-0B84BD19B257} = {A2408728-D53E-47A4-8037-BD3BB4CEDAB0}
		{999AD750-C065-4BC9-9E39-C1ACA3638B44} = {130CC89D-E4D6-42F4-BB15-2C55E1A377B4}
		{A2408728-D53E-47A4-8037-BD3BB4CEDAB0} = {130CC89D-E4D6-42F4-BB15-2C55E1A377B4}
		{48816CBC-B066-466D-8961-C22D23F293F1} = {130CC89D-E4D6-42F4-BB15-2C55E1A377B4}
		{F0E5F5E4-DE07-4886-85D3-5B515E9108E0} = {999AD750-C065-4BC9-9E39-C1ACA3638B44}
		{3E8E8EFF-316F-4EC3-A7F2-B78E3CD4C9B3} = {48816CBC-B066-466D-8961-C22D23F293F1}
		{240C8A53-5F84-4D61-A04A-05D229D87B7D} = {48816CBC-B066-466D-8961-C22D23F293F1}
		{FE342EEC-65F8-4EDE-97B5-ACC92DDE8385} = {A2408728-D53E-47A4-8037-BD3BB4CEDAB0}
	EndGlobalSection
	GlobalSection(ExtensibilityGlobals) = postSolution
		SolutionGuid = {D4AFBE9A-55F3-416C-85FE-9160A8759E4E}
	EndGlobalSection
EndGlobal
